
Microsoft Visual Studio Solution File, Format Version 12.00
# Visual Studio Version 17
VisualStudioVersion = 17.9.34723.18
MinimumVisualStudioVersion = 10.0.40219.1
Project("{FAE04EC0-301F-11D3-BF4B-00C04F79EFBC}") = "CGPProject", "CGPProject\CGPProject.csproj", "{C7D57282-B945-49AC-8D3D-16101508FA2B}"
EndProject
Global
	GlobalSection(SolutionConfigurationPlatforms) = preSolution
		Debug|Any CPU = Debug|Any CPU
		Release|Any CPU = Release|Any CPU
	EndGlobalSection
	GlobalSection(ProjectConfigurationPlatforms) = postSolution
		{C7D57282-B945-49AC-8D3D-16101508FA2B}.Debug|Any CPU.ActiveCfg = Debug|Any CPU
		{C7D57282-B945-49AC-8D3D-16101508FA2B}.Debug|Any CPU.Build.0 = Debug|Any CPU
		{C7D57282-B945-49AC-8D3D-16101508FA2B}.Release|Any CPU.ActiveCfg = Release|Any CPU
		{C7D57282-B945-49AC-8D3D-16101508FA2B}.Release|Any CPU.Build.0 = Release|Any CPU
	EndGlobalSection
	GlobalSection(SolutionProperties) = preSolution
		HideSolutionNode = FALSE
	EndGlobalSection
	GlobalSection(ExtensibilityGlobals) = postSolution
		SolutionGuid = {992FE393-42DF-4606-A307-1C037753E23D}
	EndGlobalSection
EndGlobal
